
Microsoft Visual Studio Solution File, Format Version 12.00
# Visual Studio Version 17
VisualStudioVersion = 17.0.31903.59
MinimumVisualStudioVersion = 10.0.40219.1
Project("{2150E333-8FDC-42A3-9474-1A3956D46DE8}") = "src", "src", "{827E0CD3-B72D-47B6-A68D-7590B98EB39B}"
EndProject
Project("{FAE04EC0-301F-11D3-BF4B-00C04F79EFBC}") = "PixelRealms.Content", "src\PixelRealms.Content\PixelRealms.Content.csproj", "{70441824-4E13-4394-9E51-C33CA30118CB}"
EndProject
Project("{FAE04EC0-301F-11D3-BF4B-00C04F79EFBC}") = "PixelRealms.Protocol", "src\PixelRealms.Protocol\PixelRealms.Protocol.csproj", "{4225D931-B9FB-40C7-82F1-2A10F4FBCC4A}"
EndProject
Project("{FAE04EC0-301F-11D3-BF4B-00C04F79EFBC}") = "PixelRealms.Game", "src\PixelRealms.Game\PixelRealms.Game.csproj", "{74619531-E946-4C4D-9BA5-CA64412BB35F}"
EndProject
Project("{FAE04EC0-301F-11D3-BF4B-00C04F79EFBC}") = "PixelRealms.Persistence", "src\PixelRealms.Persistence\PixelRealms.Persistence.csproj", "{DD85A71B-9720-4F6B-83AB-88A0A7390F89}"
EndProject
Project("{FAE04EC0-301F-11D3-BF4B-00C04F79EFBC}") = "PixelRealms.Server", "src\PixelRealms.Server\PixelRealms.Server.csproj", "{F92E7765-BB51-4181-988E-CB37B9D0A548}"
EndProject
Project("{2150E333-8FDC-42A3-9474-1A3956D46DE8}") = "tests", "tests", "{0AB3BF05-4346-4AA6-1389-037BE0695223}"
EndProject
Project("{FAE04EC0-301F-11D3-BF4B-00C04F79EFBC}") = "PixelRealms.Game.Tests", "tests\PixelRealms.Game.Tests\PixelRealms.Game.Tests.csproj", "{EFF8D202-77E7-4E3D-B731-ADE6B9EF32B5}"
EndProject
Project("{FAE04EC0-301F-11D3-BF4B-00C04F79EFBC}") = "PixelRealms.Persistence.Tests", "tests\PixelRealms.Persistence.Tests\PixelRealms.Persistence.Tests.csproj", "{7D287941-CAD0-49CF-8434-5B7F3482C5D3}"
EndProject
Project("{FAE04EC0-301F-11D3-BF4B-00C04F79EFBC}") = "PixelRealms.Protocol.Tests", "tests\PixelRealms.Protocol.Tests\PixelRealms.Protocol.Tests.csproj", "{A30C1C38-4251-4B91-80C3-4505DDD6FA62}"
EndProject
Project("{FAE04EC0-301F-11D3-BF4B-00C04F79EFBC}") = "PixelRealms.Server.Tests", "tests\PixelRealms.Server.Tests\PixelRealms.Server.Tests.csproj", "{34D756B5-1F8F-46B8-BB73-51D7627FCD9C}"
EndProject
Project("{2150E333-8FDC-42A3-9474-1A3956D46DE8}") = "tools", "tools", "{07C2787E-EAC7-C090-1BA3-A61EC2A24D84}"
EndProject
Project("{FAE04EC0-301F-11D3-BF4B-00C04F79EFBC}") = "ContentValidator", "tools\ContentValidator\ContentValidator.csproj", "{82933156-6B1F-40D1-AE86-AAAE16BBA601}"
EndProject
Project("{FAE04EC0-301F-11D3-BF4B-00C04F79EFBC}") = "LoadBot", "tools\LoadBot\LoadBot.csproj", "{4D67B412-AE29-4F0F-BA09-B8044D5A43A1}"
EndProject
Global
	GlobalSection(SolutionConfigurationPlatforms) = preSolution
		Debug|Any CPU = Debug|Any CPU
		Debug|x64 = Debug|x64
		Debug|x86 = Debug|x86
		Release|Any CPU = Release|Any CPU
		Release|x64 = Release|x64
		Release|x86 = Release|x86
	EndGlobalSection
	GlobalSection(ProjectConfigurationPlatforms) = postSolution
		{70441824-4E13-4394-9E51-C33CA30118CB}.Debug|Any CPU.ActiveCfg = Debug|Any CPU
		{70441824-4E13-4394-9E51-C33CA30118CB}.Debug|Any CPU.Build.0 = Debug|Any CPU
		{70441824-4E13-4394-9E51-C33CA30118CB}.Debug|x64.ActiveCfg = Debug|Any CPU
		{70441824-4E13-4394-9E51-C33CA30118CB}.Debug|x64.Build.0 = Debug|Any CPU
		{70441824-4E13-4394-9E51-C33CA30118CB}.Debug|x86.ActiveCfg = Debug|Any CPU
		{70441824-4E13-4394-9E51-C33CA30118CB}.Debug|x86.Build.0 = Debug|Any CPU
		{70441824-4E13-4394-9E51-C33CA30118CB}.Release|Any CPU.ActiveCfg = Release|Any CPU
		{70441824-4E13-4394-9E51-C33CA30118CB}.Release|Any CPU.Build.0 = Release|Any CPU
		{70441824-4E13-4394-9E51-C33CA30118CB}.Release|x64.ActiveCfg = Release|Any CPU
		{70441824-4E13-4394-9E51-C33CA30118CB}.Release|x64.Build.0 = Release|Any CPU
		{70441824-4E13-4394-9E51-C33CA30118CB}.Release|x86.ActiveCfg = Release|Any CPU
		{70441824-4E13-4394-9E51-C33CA30118CB}.Release|x86.Build.0 = Release|Any CPU
		{4225D931-B9FB-40C7-82F1-2A10F4FBCC4A}.Debug|Any CPU.ActiveCfg = Debug|Any CPU
		{4225D931-B9FB-40C7-82F1-2A10F4FBCC4A}.Debug|Any CPU.Build.0 = Debug|Any CPU
		{4225D931-B9FB-40C7-82F1-2A10F4FBCC4A}.Debug|x64.ActiveCfg = Debug|Any CPU
		{4225D931-B9FB-40C7-82F1-2A10F4FBCC4A}.Debug|x64.Build.0 = Debug|Any CPU
		{4225D931-B9FB-40C7-82F1-2A10F4FBCC4A}.Debug|x86.ActiveCfg = Debug|Any CPU
		{4225D931-B9FB-40C7-82F1-2A10F4FBCC4A}.Debug|x86.Build.0 = Debug|Any CPU
		{4225D931-B9FB-40C7-82F1-2A10F4FBCC4A}.Release|Any CPU.ActiveCfg = Release|Any CPU
		{4225D931-B9FB-40C7-82F1-2A10F4FBCC4A}.Release|Any CPU.Build.0 = Release|Any CPU
		{4225D931-B9FB-40C7-82F1-2A10F4FBCC4A}.Release|x64.ActiveCfg = Release|Any CPU
		{4225D931-B9FB-40C7-82F1-2A10F4FBCC4A}.Release|x64.Build.0 = Release|Any CPU
		{4225D931-B9FB-40C7-82F1-2A10F4FBCC4A}.Release|x86.ActiveCfg = Release|Any CPU
		{4225D931-B9FB-40C7-82F1-2A10F4FBCC4A}.Release|x86.Build.0 = Release|Any CPU
		{74619531-E946-4C4D-9BA5-CA64412BB35F}.Debug|Any CPU.ActiveCfg = Debug|Any CPU
		{74619531-E946-4C4D-9BA5-CA64412BB35F}.Debug|Any CPU.Build.0 = Debug|Any CPU
		{74619531-E946-4C4D-9BA5-CA64412BB35F}.Debug|x64.ActiveCfg = Debug|Any CPU
		{74619531-E946-4C4D-9BA5-CA64412BB35F}.Debug|x64.Build.0 = Debug|Any CPU
		{74619531-E946-4C4D-9BA5-CA64412BB35F}.Debug|x86.ActiveCfg = Debug|Any CPU
		{74619531-E946-4C4D-9BA5-CA64412BB35F}.Debug|x86.Build.0 = Debug|Any CPU
		{74619531-E946-4C4D-9BA5-CA64412BB35F}.Release|Any CPU.ActiveCfg = Release|Any CPU
		{74619531-E946-4C4D-9BA5-CA64412BB35F}.Release|Any CPU.Build.0 = Release|Any CPU
		{74619531-E946-4C4D-9BA5-CA64412BB35F}.Release|x64.ActiveCfg = Release|Any CPU
		{74619531-E946-4C4D-9BA5-CA64412BB35F}.Release|x64.Build.0 = Release|Any CPU
		{74619531-E946-4C4D-9BA5-CA64412BB35F}.Release|x86.ActiveCfg = Release|Any CPU
		{74619531-E946-4C4D-9BA5-CA64412BB35F}.Release|x86.Build.0 = Release|Any CPU
		{DD85A71B-9720-4F6B-83AB-88A0A7390F89}.Debug|Any CPU.ActiveCfg = Debug|Any CPU
		{DD85A71B-9720-4F6B-83AB-88A0A7390F89}.Debug|Any CPU.Build.0 = Debug|Any CPU
		{DD85A71B-9720-4F6B-83AB-88A0A7390F89}.Debug|x64.ActiveCfg = Debug|Any CPU
		{DD85A71B-9720-4F6B-83AB-88A0A7390F89}.Debug|x64.Build.0 = Debug|Any CPU
		{DD85A71B-9720-4F6B-83AB-88A0A7390F89}.Debug|x86.ActiveCfg = Debug|Any CPU
		{DD85A71B-9720-4F6B-83AB-88A0A7390F89}.Debug|x86.Build.0 = Debug|Any CPU
		{DD85A71B-9720-4F6B-83AB-88A0A7390F89}.Release|Any CPU.ActiveCfg = Release|Any CPU
		{DD85A71B-9720-4F6B-83AB-88A0A7390F89}.Release|Any CPU.Build.0 = Release|Any CPU
		{DD85A71B-9720-4F6B-83AB-88A0A7390F89}.Release|x64.ActiveCfg = Release|Any CPU
		{DD85A71B-9720-4F6B-83AB-88A0A7390F89}.Release|x64.Build.0 = Release|Any CPU
		{DD85A71B-9720-4F6B-83AB-88A0A7390F89}.Release|x86.ActiveCfg = Release|Any CPU
		{DD85A71B-9720-4F6B-83AB-88A0A7390F89}.Release|x86.Build.0 = Release|Any CPU
		{F92E7765-BB51-4181-988E-CB37B9D0A548}.Debug|Any CPU.ActiveCfg = Debug|Any CPU
		{F92E7765-BB51-4181-988E-CB37B9D0A548}.Debug|Any CPU.Build.0 = Debug|Any CPU
		{F92E7765-BB51-4181-988E-CB37B9D0A548}.Debug|x64.ActiveCfg = Debug|Any CPU
		{F92E7765-BB51-4181-988E-CB37B9D0A548}.Debug|x64.Build.0 = Debug|Any CPU
		{F92E7765-BB51-4181-988E-CB37B9D0A548}.Debug|x86.ActiveCfg = Debug|Any CPU
		{F92E7765-BB51-4181-988E-CB37B9D0A548}.Debug|x86.Build.0 = Debug|Any CPU
		{F92E7765-BB51-4181-988E-CB37B9D0A548}.Release|Any CPU.ActiveCfg = Release|Any CPU
		{F92E7765-BB51-4181-988E-CB37B9D0A548}.Release|Any CPU.Build.0 = Release|Any CPU
		{F92E7765-BB51-4181-988E-CB37B9D0A548}.Release|x64.ActiveCfg = Release|Any CPU
		{F92E7765-BB51-4181-988E-CB37B9D0A548}.Release|x64.Build.0 = Release|Any CPU
		{F92E7765-BB51-4181-988E-CB37B9D0A548}.Release|x86.ActiveCfg = Release|Any CPU
		{F92E7765-BB51-4181-988E-CB37B9D0A548}.Release|x86.Build.0 = Release|Any CPU
		{EFF8D202-77E7-4E3D-B731-ADE6B9EF32B5}.Debug|Any CPU.ActiveCfg = Debug|Any CPU
		{EFF8D202-77E7-4E3D-B731-ADE6B9EF32B5}.Debug|Any CPU.Build.0 = Debug|Any CPU
		{EFF8D202-77E7-4E3D-B731-ADE6B9EF32B5}.Debug|x64.ActiveCfg = Debug|Any CPU
		{EFF8D202-77E7-4E3D-B731-ADE6B9EF32B5}.Debug|x64.Build.0 = Debug|Any CPU
		{EFF8D202-77E7-4E3D-B731-ADE6B9EF32B5}.Debug|x86.ActiveCfg = Debug|Any CPU
		{EFF8D202-77E7-4E3D-B731-ADE6B9EF32B5}.Debug|x86.Build.0 = Debug|Any CPU
		{EFF8D202-77E7-4E3D-B731-ADE6B9EF32B5}.Release|Any CPU.ActiveCfg = Release|Any CPU
		{EFF8D202-77E7-4E3D-B731-ADE6B9EF32B5}.Release|Any CPU.Build.0 = Release|Any CPU
		{EFF8D202-77E7-4E3D-B731-ADE6B9EF32B5}.Release|x64.ActiveCfg = Release|Any CPU
		{EFF8D202-77E7-4E3D-B731-ADE6B9EF32B5}.Release|x64.Build.0 = Release|Any CPU
		{EFF8D202-77E7-4E3D-B731-ADE6B9EF32B5}.Release|x86.ActiveCfg = Release|Any CPU
		{EFF8D202-77E7-4E3D-B731-ADE6B9EF32B5}.Release|x86.Build.0 = Release|Any CPU
		{7D287941-CAD0-49CF-8434-5B7F3482C5D3}.Debug|Any CPU.ActiveCfg = Debug|Any CPU
		{7D287941-CAD0-49CF-8434-5B7F3482C5D3}.Debug|Any CPU.Build.0 = Debug|Any CPU
		{7D287941-CAD0-49CF-8434-5B7F3482C5D3}.Debug|x64.ActiveCfg = Debug|Any CPU
		{7D287941-CAD0-49CF-8434-5B7F3482C5D3}.Debug|x64.Build.0 = Debug|Any CPU
		{7D287941-CAD0-49CF-8434-5B7F3482C5D3}.Debug|x86.ActiveCfg = Debug|Any CPU
		{7D287941-CAD0-49CF-8434-5B7F3482C5D3}.Debug|x86.Build.0 = Debug|Any CPU
		{7D287941-CAD0-49CF-8434-5B7F3482C5D3}.Release|Any CPU.ActiveCfg = Release|Any CPU
		{7D287941-CAD0-49CF-8434-5B7F3482C5D3}.Release|Any CPU.Build.0 = Release|Any CPU
		{7D287941-CAD0-49CF-8434-5B7F3482C5D3}.Release|x64.ActiveCfg = Release|Any CPU
		{7D287941-CAD0-49CF-8434-5B7F3482C5D3}.Release|x64.Build.0 = Release|Any CPU
		{7D287941-CAD0-49CF-8434-5B7F3482C5D3}.Release|x86.ActiveCfg = Release|Any CPU
		{7D287941-CAD0-49CF-8434-5B7F3482C5D3}.Release|x86.Build.0 = Release|Any CPU
		{A30C1C38-4251-4B91-80C3-4505DDD6FA62}.Debug|Any CPU.ActiveCfg = Debug|Any CPU
		{A30C1C38-4251-4B91-80C3-4505DDD6FA62}.Debug|Any CPU.Build.0 = Debug|Any CPU
		{A30C1C38-4251-4B91-80C3-4505DDD6FA62}.Debug|x64.ActiveCfg = Debug|Any CPU
		{A30C1C38-4251-4B91-80C3-4505DDD6FA62}.Debug|x64.Build.0 = Debug|Any CPU
		{A30C1C38-4251-4B91-80C3-4505DDD6FA62}.Debug|x86.ActiveCfg = Debug|Any CPU
		{A30C1C38-4251-4B91-80C3-4505DDD6FA62}.Debug|x86.Build.0 = Debug|Any CPU
		{A30C1C38-4251-4B91-80C3-4505DDD6FA62}.Release|Any CPU.ActiveCfg = Release|Any CPU
		{A30C1C38-4251-4B91-80C3-4505DDD6FA62}.Release|Any CPU.Build.0 = Release|Any CPU
		{A30C1C38-4251-4B91-80C3-4505DDD6FA62}.Release|x64.ActiveCfg = Release|Any CPU
		{A30C1C38-4251-4B91-80C3-4505DDD6FA62}.Release|x64.Build.0 = Release|Any CPU
		{A30C1C38-4251-4B91-80C3-4505DDD6FA62}.Release|x86.ActiveCfg = Release|Any CPU
		{A30C1C38-4251-4B91-80C3-4505DDD6FA62}.Release|x86.Build.0 = Release|Any CPU
		{34D756B5-1F8F-46B8-BB73-51D7627FCD9C}.Debug|Any CPU.ActiveCfg = Debug|Any CPU
		{34D756B5-1F8F-46B8-BB73-51D7627FCD9C}.Debug|Any CPU.Build.0 = Debug|Any CPU
		{34D756B5-1F8F-46B8-BB73-51D7627FCD9C}.Debug|x64.ActiveCfg = Debug|Any CPU
		{34D756B5-1F8F-46B8-BB73-51D7627FCD9C}.Debug|x64.Build.0 = Debug|Any CPU
		{34D756B5-1F8F-46B8-BB73-51D7627FCD9C}.Debug|x86.ActiveCfg = Debug|Any CPU
		{34D756B5-1F8F-46B8-BB73-51D7627FCD9C}.Debug|x86.Build.0 = Debug|Any CPU
		{34D756B5-1F8F-46B8-BB73-51D7627FCD9C}.Release|Any CPU.ActiveCfg = Release|Any CPU
		{34D756B5-1F8F-46B8-BB73-51D7627FCD9C}.Release|Any CPU.Build.0 = Release|Any CPU
		{34D756B5-1F8F-46B8-BB73-51D7627FCD9C}.Release|x64.ActiveCfg = Release|Any CPU
		{34D756B5-1F8F-46B8-BB73-51D7627FCD9C}.Release|x64.Build.0 = Release|Any CPU
		{34D756B5-1F8F-46B8-BB73-51D7627FCD9C}.Release|x86.ActiveCfg = Release|Any CPU
		{34D756B5-1F8F-46B8-BB73-51D7627FCD9C}.Release|x86.Build.0 = Release|Any CPU
		{82933156-6B1F-40D1-AE86-AAAE16BBA601}.Debug|Any CPU.ActiveCfg = Debug|Any CPU
		{82933156-6B1F-40D1-AE86-AAAE16BBA601}.Debug|Any CPU.Build.0 = Debug|Any CPU
		{82933156-6B1F-40D1-AE86-AAAE16BBA601}.Debug|x64.ActiveCfg = Debug|Any CPU
		{82933156-6B1F-40D1-AE86-AAAE16BBA601}.Debug|x64.Build.0 = Debug|Any CPU
		{82933156-6B1F-40D1-AE86-AAAE16BBA601}.Debug|x86.ActiveCfg = Debug|Any CPU
		{82933156-6B1F-40D1-AE86-AAAE16BBA601}.Debug|x86.Build.0 = Debug|Any CPU
		{82933156-6B1F-40D1-AE86-AAAE16BBA601}.Release|Any CPU.ActiveCfg = Release|Any CPU
		{82933156-6B1F-40D1-AE86-AAAE16BBA601}.Release|Any CPU.Build.0 = Release|Any CPU
		{82933156-6B1F-40D1-AE86-AAAE16BBA601}.Release|x64.ActiveCfg = Release|Any CPU
		{82933156-6B1F-40D1-AE86-AAAE16BBA601}.Release|x64.Build.0 = Release|Any CPU
		{82933156-6B1F-40D1-AE86-AAAE16BBA601}.Release|x86.ActiveCfg = Release|Any CPU
		{82933156-6B1F-40D1-AE86-AAAE16BBA601}.Release|x86.Build.0 = Release|Any CPU
		{4D67B412-AE29-4F0F-BA09-B8044D5A43A1}.Debug|Any CPU.ActiveCfg = Debug|Any CPU
		{4D67B412-AE29-4F0F-BA09-B8044D5A43A1}.Debug|Any CPU.Build.0 = Debug|Any CPU
		{4D67B412-AE29-4F0F-BA09-B8044D5A43A1}.Debug|x64.ActiveCfg = Debug|Any CPU
		{4D67B412-AE29-4F0F-BA09-B8044D5A43A1}.Debug|x64.Build.0 = Debug|Any CPU
		{4D67B412-AE29-4F0F-BA09-B8044D5A43A1}.Debug|x86.ActiveCfg = Debug|Any CPU
		{4D67B412-AE29-4F0F-BA09-B8044D5A43A1}.Debug|x86.Build.0 = Debug|Any CPU
		{4D67B412-AE29-4F0F-BA09-B8044D5A43A1}.Release|Any CPU.ActiveCfg = Release|Any CPU
		{4D67B412-AE29-4F0F-BA09-B8044D5A43A1}.Release|Any CPU.Build.0 = Release|Any CPU
		{4D67B412-AE29-4F0F-BA09-B8044D5A43A1}.Release|x64.ActiveCfg = Release|Any CPU
		{4D67B412-AE29-4F0F-BA09-B8044D5A43A1}.Release|x64.Build.0 = Release|Any CPU
		{4D67B412-AE29-4F0F-BA09-B8044D5A43A1}.Release|x86.ActiveCfg = Release|Any CPU
		{4D67B412-AE29-4F0F-BA09-B8044D5A43A1}.Release|x86.Build.0 = Release|Any CPU
	EndGlobalSection
	GlobalSection(SolutionProperties) = preSolution
		HideSolutionNode = FALSE
	EndGlobalSection
	GlobalSection(NestedProjects) = preSolution
		{70441824-4E13-4394-9E51-C33CA30118CB} = {827E0CD3-B72D-47B6-A68D-7590B98EB39B}
		{4225D931-B9FB-40C7-82F1-2A10F4FBCC4A} = {827E0CD3-B72D-47B6-A68D-7590B98EB39B}
		{74619531-E946-4C4D-9BA5-CA64412BB35F} = {827E0CD3-B72D-47B6-A68D-7590B98EB39B}
		{DD85A71B-9720-4F6B-83AB-88A0A7390F89} = {827E0CD3-B72D-47B6-A68D-7590B98EB39B}
		{F92E7765-BB51-4181-988E-CB37B9D0A548} = {827E0CD3-B72D-47B6-A68D-7590B98EB39B}
		{EFF8D202-77E7-4E3D-B731-ADE6B9EF32B5} = {0AB3BF05-4346-4AA6-1389-037BE0695223}
		{7D287941-CAD0-49CF-8434-5B7F3482C5D3} = {0AB3BF05-4346-4AA6-1389-037BE0695223}
		{A30C1C38-4251-4B91-80C3-4505DDD6FA62} = {0AB3BF05-4346-4AA6-1389-037BE0695223}
		{34D756B5-1F8F-46B8-BB73-51D7627FCD9C} = {0AB3BF05-4346-4AA6-1389-037BE0695223}
		{82933156-6B1F-40D1-AE86-AAAE16BBA601} = {07C2787E-EAC7-C090-1BA3-A61EC2A24D84}
		{4D67B412-AE29-4F0F-BA09-B8044D5A43A1} = {07C2787E-EAC7-C090-1BA3-A61EC2A24D84}
	EndGlobalSection
EndGlobal
